{
  "originHash" : "2467ec9ee734ac363b8c854c948607a067fd28273b484d2fd9a01b90747e47f1",
  "pins" : [
    {
      "identity" : "networkingcore",
      "kind" : "remoteSourceControl",
      "location" : "https://github.com/carlvars88/NetworkingCore",
      "state" : {
        "branch" : "main",
        "revision" : "16bc44fd71abf27558627a9e3cb647b81756398f"
      }
    },
    {
      "identity" : "swift-syntax",
      "kind" : "remoteSourceControl",
      "location" : "https://github.com/swiftlang/swift-syntax",
      "state" : {
        "revision" : "f99ae8aa18f0cf0d53481901f88a0991dc3bd4a2",
        "version" : "601.0.1"
      }
    }
  ],
  "version" : 3
}
