{
  "originHash" : "731451c56a98df68a08677d274c8fd167a411bbfbc0b69bacae5d76a71b7af21",
  "pins" : [
    {
      "identity" : "networkingcore",
      "kind" : "remoteSourceControl",
      "location" : "https://github.com/carlvars88/NetworkingCore",
      "state" : {
        "branch" : "main",
        "revision" : "7aa7adfeea31eb98234d390d3c10c98bcb071760"
      }
    },
    {
      "identity" : "swift-syntax",
      "kind" : "remoteSourceControl",
      "location" : "https://github.com/swiftlang/swift-syntax",
      "state" : {
        "revision" : "f99ae8aa18f0cf0d53481901f88a0991dc3bd4a2",
        "version" : "601.0.1"
      }
    }
  ],
  "version" : 3
}
